
Microsoft Visual Studio Solution File, Format Version 12.00
# Visual Studio Version 17
VisualStudioVersion = 17.8.34309.116
MinimumVisualStudioVersion = 10.0.40219.1
Project("{FAE04EC0-301F-11D3-BF4B-00C04F79EFBC}") = "ChallengeApp11.1", "ChallengeApp11.1\ChallengeApp11.1.csproj", "{A65774FF-AF2E-4FCE-B4FE-8BA8E0070FD8}"
EndProject
Global
	GlobalSection(SolutionConfigurationPlatforms) = preSolution
		Debug|Any CPU = Debug|Any CPU
		Release|Any CPU = Release|Any CPU
	EndGlobalSection
	GlobalSection(ProjectConfigurationPlatforms) = postSolution
		{A65774FF-AF2E-4FCE-B4FE-8BA8E0070FD8}.Debug|Any CPU.ActiveCfg = Debug|Any CPU
		{A65774FF-AF2E-4FCE-B4FE-8BA8E0070FD8}.Debug|Any CPU.Build.0 = Debug|Any CPU
		{A65774FF-AF2E-4FCE-B4FE-8BA8E0070FD8}.Release|Any CPU.ActiveCfg = Release|Any CPU
		{A65774FF-AF2E-4FCE-B4FE-8BA8E0070FD8}.Release|Any CPU.Build.0 = Release|Any CPU
	EndGlobalSection
	GlobalSection(SolutionProperties) = preSolution
		HideSolutionNode = FALSE
	EndGlobalSection
	GlobalSection(ExtensibilityGlobals) = postSolution
		SolutionGuid = {7EBFCEC6-4BB3-42F6-994C-E438EE781A8D}
	EndGlobalSection
EndGlobal
