
Microsoft Visual Studio Solution File, Format Version 12.00
# Visual Studio Version 17
VisualStudioVersion = 17.8.34309.116
MinimumVisualStudioVersion = 10.0.40219.1
Project("{9A19103F-16F7-4668-BE54-9A1E7A4F7556}") = "ChallengeApp8", "ChallengeApp8\ChallengeApp8.csproj", "{758977E4-6589-4896-8800-015766ABE9E7}"
EndProject
Project("{FAE04EC0-301F-11D3-BF4B-00C04F79EFBC}") = "ChallengeApp8.Tests", "ChallengeApp8.Tests\ChallengeApp8.Tests.csproj", "{89CF6592-AB68-4A87-B7EC-C360E6A2BA13}"
EndProject
Global
	GlobalSection(SolutionConfigurationPlatforms) = preSolution
		Debug|Any CPU = Debug|Any CPU
		Release|Any CPU = Release|Any CPU
	EndGlobalSection
	GlobalSection(ProjectConfigurationPlatforms) = postSolution
		{758977E4-6589-4896-8800-015766ABE9E7}.Debug|Any CPU.ActiveCfg = Debug|Any CPU
		{758977E4-6589-4896-8800-015766ABE9E7}.Debug|Any CPU.Build.0 = Debug|Any CPU
		{758977E4-6589-4896-8800-015766ABE9E7}.Release|Any CPU.ActiveCfg = Release|Any CPU
		{758977E4-6589-4896-8800-015766ABE9E7}.Release|Any CPU.Build.0 = Release|Any CPU
		{89CF6592-AB68-4A87-B7EC-C360E6A2BA13}.Debug|Any CPU.ActiveCfg = Debug|Any CPU
		{89CF6592-AB68-4A87-B7EC-C360E6A2BA13}.Debug|Any CPU.Build.0 = Debug|Any CPU
		{89CF6592-AB68-4A87-B7EC-C360E6A2BA13}.Release|Any CPU.ActiveCfg = Release|Any CPU
		{89CF6592-AB68-4A87-B7EC-C360E6A2BA13}.Release|Any CPU.Build.0 = Release|Any CPU
	EndGlobalSection
	GlobalSection(SolutionProperties) = preSolution
		HideSolutionNode = FALSE
	EndGlobalSection
	GlobalSection(ExtensibilityGlobals) = postSolution
		SolutionGuid = {FBCC8D8E-7FD2-4C51-A419-5E6371B5C145}
	EndGlobalSection
EndGlobal
